
Microsoft Visual Studio Solution File, Format Version 12.00
# Visual Studio Version 17
VisualStudioVersion = 17.11.35327.3
MinimumVisualStudioVersion = 10.0.40219.1
Project("{FAE04EC0-301F-11D3-BF4B-00C04F79EFBC}") = "CapaPresentacion", "ElBarbasShop\CapaPresentacion.csproj", "{01D4FC8A-ABBF-45F5-8620-F52F812F46F2}"
EndProject
Project("{FAE04EC0-301F-11D3-BF4B-00C04F79EFBC}") = "CapaLogica", "CapaLogica\CapaLogica.csproj", "{27E53503-1D63-4D19-98D5-EEE52FF5C636}"
EndProject
Project("{FAE04EC0-301F-11D3-BF4B-00C04F79EFBC}") = "CapaAccesoDatos", "CapaAccesoDatos\CapaAccesoDatos.csproj", "{81AD9F1D-FB32-4688-906C-A090DF8CAF8D}"
EndProject
Project("{FAE04EC0-301F-11D3-BF4B-00C04F79EFBC}") = "CapaEntidad", "CapaEntidad\CapaEntidad.csproj", "{C6FB1CCD-779F-462B-A21F-6D75E114AB17}"
EndProject
Global
	GlobalSection(SolutionConfigurationPlatforms) = preSolution
		Debug|Any CPU = Debug|Any CPU
		Release|Any CPU = Release|Any CPU
	EndGlobalSection
	GlobalSection(ProjectConfigurationPlatforms) = postSolution
		{01D4FC8A-ABBF-45F5-8620-F52F812F46F2}.Debug|Any CPU.ActiveCfg = Debug|Any CPU
		{01D4FC8A-ABBF-45F5-8620-F52F812F46F2}.Debug|Any CPU.Build.0 = Debug|Any CPU
		{01D4FC8A-ABBF-45F5-8620-F52F812F46F2}.Release|Any CPU.ActiveCfg = Release|Any CPU
		{01D4FC8A-ABBF-45F5-8620-F52F812F46F2}.Release|Any CPU.Build.0 = Release|Any CPU
		{27E53503-1D63-4D19-98D5-EEE52FF5C636}.Debug|Any CPU.ActiveCfg = Debug|Any CPU
		{27E53503-1D63-4D19-98D5-EEE52FF5C636}.Debug|Any CPU.Build.0 = Debug|Any CPU
		{27E53503-1D63-4D19-98D5-EEE52FF5C636}.Release|Any CPU.ActiveCfg = Release|Any CPU
		{27E53503-1D63-4D19-98D5-EEE52FF5C636}.Release|Any CPU.Build.0 = Release|Any CPU
		{81AD9F1D-FB32-4688-906C-A090DF8CAF8D}.Debug|Any CPU.ActiveCfg = Debug|Any CPU
		{81AD9F1D-FB32-4688-906C-A090DF8CAF8D}.Debug|Any CPU.Build.0 = Debug|Any CPU
		{81AD9F1D-FB32-4688-906C-A090DF8CAF8D}.Release|Any CPU.ActiveCfg = Release|Any CPU
		{81AD9F1D-FB32-4688-906C-A090DF8CAF8D}.Release|Any CPU.Build.0 = Release|Any CPU
		{C6FB1CCD-779F-462B-A21F-6D75E114AB17}.Debug|Any CPU.ActiveCfg = Debug|Any CPU
		{C6FB1CCD-779F-462B-A21F-6D75E114AB17}.Debug|Any CPU.Build.0 = Debug|Any CPU
		{C6FB1CCD-779F-462B-A21F-6D75E114AB17}.Release|Any CPU.ActiveCfg = Release|Any CPU
		{C6FB1CCD-779F-462B-A21F-6D75E114AB17}.Release|Any CPU.Build.0 = Release|Any CPU
	EndGlobalSection
	GlobalSection(SolutionProperties) = preSolution
		HideSolutionNode = FALSE
	EndGlobalSection
	GlobalSection(ExtensibilityGlobals) = postSolution
		SolutionGuid = {890D2C27-72F4-4FAB-9B77-2A21C9B45263}
	EndGlobalSection
EndGlobal
